load_data:
  cmd: python src/load_and_split.py --config=params.yaml
  deps:
  - path: data_given/winequality.csv
    md5: ccc8d3507eb151f53f760d36abdef888
    size: 91998
  - path: src/load_and_split.py
    md5: 61c0794f5a8c55ab7558c84751146ed5
    size: 1559
  outs:
  - path: data/processed/test_winequality.csv
    md5: ac6de14c1b8fa38acbbdaeffc6b92abb
    size: 29013
  - path: data/processed/train_winequality.csv
    md5: 669cb2c29fed7217daa1b42173d1a410
    size: 67754
  - path: data/raw/winequality.csv
    md5: dcb9f7736a81b73cf4cf803b5ef3f07e
    size: 102550
train_and_evaluate:
  cmd: python src/train_and_evaluate.py
  deps:
  - path: data/processed/test_winequality.csv
    md5: ac6de14c1b8fa38acbbdaeffc6b92abb
    size: 29013
  - path: data/processed/train_winequality.csv
    md5: 669cb2c29fed7217daa1b42173d1a410
    size: 67754
  - path: src/train_and_evaluate.py
    md5: 5209434f9c94cd3403a8a7c55cb2d229
    size: 2887
  params:
    params.yaml:
      estimators.ElasticNet.params.alpha: 0.89
      estimators.ElasticNet.params.l1_ratio: 0.3
  outs:
  - path: report/scores.json
    md5: 08922d79a217a0a2cad88bd5c1d6e3d7
    size: 101
  - path: saved_models/model.joblib
    md5: 75315497034c67399d20de9859d4ebcd
    size: 2686959
